
Microsoft Visual Studio Solution File, Format Version 12.00
# Visual Studio Version 17
VisualStudioVersion = 17.0.31903.59
MinimumVisualStudioVersion = 10.0.40219.1
Project("{2150E333-8FDC-42A3-9474-1A3956D46DE8}") = "src", "src", "{6A54729E-66DC-4CC4-9A09-3A55E04A715A}"
EndProject
Project("{FAE04EC0-301F-11D3-BF4B-00C04F79EFBC}") = "Exercism.Representers.CSharp", "src\Exercism.Representers.CSharp\Exercism.Representers.CSharp.csproj", "{100CC161-274C-4325-9059-AA00DDE3EFFB}"
EndProject
Global
	GlobalSection(SolutionConfigurationPlatforms) = preSolution
		Debug|Any CPU = Debug|Any CPU
		Release|Any CPU = Release|Any CPU
	EndGlobalSection
	GlobalSection(SolutionProperties) = preSolution
		HideSolutionNode = FALSE
	EndGlobalSection
	GlobalSection(ProjectConfigurationPlatforms) = postSolution
		{100CC161-274C-4325-9059-AA00DDE3EFFB}.Debug|Any CPU.ActiveCfg = Debug|Any CPU
		{100CC161-274C-4325-9059-AA00DDE3EFFB}.Debug|Any CPU.Build.0 = Debug|Any CPU
		{100CC161-274C-4325-9059-AA00DDE3EFFB}.Release|Any CPU.ActiveCfg = Release|Any CPU
		{100CC161-274C-4325-9059-AA00DDE3EFFB}.Release|Any CPU.Build.0 = Release|Any CPU
	EndGlobalSection
	GlobalSection(NestedProjects) = preSolution
		{100CC161-274C-4325-9059-AA00DDE3EFFB} = {6A54729E-66DC-4CC4-9A09-3A55E04A715A}
	EndGlobalSection
EndGlobal
